
Microsoft Visual Studio Solution File, Format Version 12.00
# Visual Studio Version 16
VisualStudioVersion = 16.0.30709.132
MinimumVisualStudioVersion = 10.0.40219.1
Project("{8BC9CEB8-8B4A-11D0-8D11-00A0C91BC942}") = "scanline", "scanline.vcxproj", "{B85BFEF0-9DA0-4D32-9674-FDCB0BAD0C55}"
EndProject
Global
	GlobalSection(SolutionConfigurationPlatforms) = preSolution
		Debug|x64 = Debug|x64
		Debug|x86 = Debug|x86
		Release|x64 = Release|x64
		Release|x86 = Release|x86
	EndGlobalSection
	GlobalSection(ProjectConfigurationPlatforms) = postSolution
		{B85BFEF0-9DA0-4D32-9674-FDCB0BAD0C55}.Debug|x64.ActiveCfg = Debug|x64
		{B85BFEF0-9DA0-4D32-9674-FDCB0BAD0C55}.Debug|x64.Build.0 = Debug|x64
		{B85BFEF0-9DA0-4D32-9674-FDCB0BAD0C55}.Debug|x86.ActiveCfg = Debug|Win32
		{B85BFEF0-9DA0-4D32-9674-FDCB0BAD0C55}.Debug|x86.Build.0 = Debug|Win32
		{B85BFEF0-9DA0-4D32-9674-FDCB0BAD0C55}.Release|x64.ActiveCfg = Release|x64
		{B85BFEF0-9DA0-4D32-9674-FDCB0BAD0C55}.Release|x64.Build.0 = Release|x64
		{B85BFEF0-9DA0-4D32-9674-FDCB0BAD0C55}.Release|x86.ActiveCfg = Release|Win32
		{B85BFEF0-9DA0-4D32-9674-FDCB0BAD0C55}.Release|x86.Build.0 = Release|Win32
	EndGlobalSection
	GlobalSection(SolutionProperties) = preSolution
		HideSolutionNode = FALSE
	EndGlobalSection
	GlobalSection(ExtensibilityGlobals) = postSolution
		SolutionGuid = {217A9E8B-A40E-4ADB-AF70-8D4FEE755B94}
	EndGlobalSection
EndGlobal
